
Microsoft Visual Studio Solution File, Format Version 11.00
# Visual Studio 2010
Project("{FAE04EC0-301F-11D3-BF4B-00C04F79EFBC}") = "Assembly-CSharp", "Assembly-CSharp.csproj", "{DE39E379-1E04-CF6C-A9FA-A5CECF5143F0}"
EndProject
Project("{FAE04EC0-301F-11D3-BF4B-00C04F79EFBC}") = "AmplifyShaderEditor", "AmplifyShaderEditor.csproj", "{8A66BECC-CAED-517D-9FEA-FBEEE9D6EAA2}"
EndProject
Global
	GlobalSection(SolutionConfigurationPlatforms) = preSolution
		Debug|Any CPU = Debug|Any CPU
		Release|Any CPU = Release|Any CPU
	EndGlobalSection
	GlobalSection(ProjectConfigurationPlatforms) = postSolution
		{DE39E379-1E04-CF6C-A9FA-A5CECF5143F0}.Debug|Any CPU.ActiveCfg = Debug|Any CPU
		{DE39E379-1E04-CF6C-A9FA-A5CECF5143F0}.Debug|Any CPU.Build.0 = Debug|Any CPU
		{DE39E379-1E04-CF6C-A9FA-A5CECF5143F0}.Release|Any CPU.ActiveCfg = Release|Any CPU
		{DE39E379-1E04-CF6C-A9FA-A5CECF5143F0}.Release|Any CPU.Build.0 = Release|Any CPU
		{8A66BECC-CAED-517D-9FEA-FBEEE9D6EAA2}.Debug|Any CPU.ActiveCfg = Debug|Any CPU
		{8A66BECC-CAED-517D-9FEA-FBEEE9D6EAA2}.Debug|Any CPU.Build.0 = Debug|Any CPU
		{8A66BECC-CAED-517D-9FEA-FBEEE9D6EAA2}.Release|Any CPU.ActiveCfg = Release|Any CPU
		{8A66BECC-CAED-517D-9FEA-FBEEE9D6EAA2}.Release|Any CPU.Build.0 = Release|Any CPU
	EndGlobalSection
	GlobalSection(SolutionProperties) = preSolution
		HideSolutionNode = FALSE
	EndGlobalSection
EndGlobal
